<?xml version="1.0" encoding="UTF-8" standalone="yes" ?>
<CodeBlocks_project_file>
	<FileVersion major="1" minor="6" />
	<Project>
		<Option title="Projet" />
		<Option pch_mode="2" />
		<Option compiler="gcc" />
		<Build>
			<Target title="Debug">
				<Option output="bin/Debug/Projet" prefix_auto="1" extension_auto="1" />
				<Option object_output="obj/Debug/" />
				<Option type="1" />
				<Option compiler="gcc" />
				<Compiler>
					<Add option="-g" />
				</Compiler>
			</Target>
			<Target title="Release">
				<Option output="bin/Release/Projet" prefix_auto="1" extension_auto="1" />
				<Option object_output="obj/Release/" />
				<Option type="1" />
				<Option compiler="gcc" />
				<Compiler>
					<Add option="-O2" />
				</Compiler>
				<Linker>
					<Add option="-s" />
				</Linker>
			</Target>
		</Build>
		<Compiler>
			<Add option="-Wall" />
			<Add option="-fexceptions" />
		</Compiler>
		<Unit filename="Buisson.cpp" />
		<Unit filename="Buisson.h" />
		<Unit filename="Element.cpp" />
		<Unit filename="Element.h" />
		<Unit filename="Enfant.cpp" />
		<Unit filename="Enfant.h" />
		<Unit filename="Femme.cpp" />
		<Unit filename="Femme.h" />
		<Unit filename="Homme.cpp" />
		<Unit filename="Homme.h" />
		<Unit filename="Lapin.cpp" />
		<Unit filename="Lapin.h" />
		<Unit filename="MembreDuPeuple.cpp" />
		<Unit filename="MembreDuPeuple.h" />
		<Unit filename="Mobile.cpp" />
		<Unit filename="Mobile.h" />
		<Unit filename="Monde.cpp" />
		<Unit filename="Monde.h" />
		<Unit filename="Peuple.cpp" />
		<Unit filename="Peuple.h" />
		<Unit filename="Position.cpp" />
		<Unit filename="Position.h" />
		<Unit filename="Ressource.cpp" />
		<Unit filename="Ressource.h" />
		<Unit filename="constantes.h" />
		<Unit filename="main.cpp" />
		<Extensions>
			<code_completion />
			<envvars />
			<debugger />
			<lib_finder disable_auto="1" />
			<DoxyBlocks>
				<comment_style block="0" line="0" />
				<doxyfile_project />
				<doxyfile_build />
				<doxyfile_warnings />
				<doxyfile_output />
				<doxyfile_dot />
				<general />
			</DoxyBlocks>
		</Extensions>
	</Project>
</CodeBlocks_project_file>
